
Microsoft Visual Studio Solution File, Format Version 12.00
# Visual Studio 14
VisualStudioVersion = 14.0.24720.0
MinimumVisualStudioVersion = 10.0.40219.1
Project("{8BC9CEB8-8B4A-11D0-8D11-00A0C91BC942}") = "ColinFenton-Assignment2-StacksQueues", "ColinFenton-Assignment2-StacksQueues\ColinFenton-Assignment2-StacksQueues.vcxproj", "{E30C5556-6EBC-42E3-A04E-253BF6B33C7D}"
EndProject
Global
	GlobalSection(SolutionConfigurationPlatforms) = preSolution
		Debug|x64 = Debug|x64
		Debug|x86 = Debug|x86
		Release|x64 = Release|x64
		Release|x86 = Release|x86
	EndGlobalSection
	GlobalSection(ProjectConfigurationPlatforms) = postSolution
		{E30C5556-6EBC-42E3-A04E-253BF6B33C7D}.Debug|x64.ActiveCfg = Debug|x64
		{E30C5556-6EBC-42E3-A04E-253BF6B33C7D}.Debug|x64.Build.0 = Debug|x64
		{E30C5556-6EBC-42E3-A04E-253BF6B33C7D}.Debug|x86.ActiveCfg = Debug|Win32
		{E30C5556-6EBC-42E3-A04E-253BF6B33C7D}.Debug|x86.Build.0 = Debug|Win32
		{E30C5556-6EBC-42E3-A04E-253BF6B33C7D}.Release|x64.ActiveCfg = Release|x64
		{E30C5556-6EBC-42E3-A04E-253BF6B33C7D}.Release|x64.Build.0 = Release|x64
		{E30C5556-6EBC-42E3-A04E-253BF6B33C7D}.Release|x86.ActiveCfg = Release|Win32
		{E30C5556-6EBC-42E3-A04E-253BF6B33C7D}.Release|x86.Build.0 = Release|Win32
	EndGlobalSection
	GlobalSection(SolutionProperties) = preSolution
		HideSolutionNode = FALSE
	EndGlobalSection
EndGlobal
